{
  "name": "cra-msal-sample",
  "version": "0.1.0",
  "lockfileVersion": 1,
  "requires": true,
  "dependencies": {
    "dotenv": {
      "version": "6.2.0",
      "resolved": "http://registry.npmjs.org/dotenv/-/dotenv-6.2.0.tgz",
      "integrity": "sha512-HygQCKUBSFl8wKQZBSemMywRWcEDNidvNbjGVyZu3nbZ8qq9ubiPoGLMdRDpfSrpkkm9BXYFkpKxxFX38o/76w=="
    },
    "gh-pages": {
      "version": "1.2.0",
      "resolved": "https://registry.npmjs.org/gh-pages/-/gh-pages-1.2.0.tgz",
      "integrity": "sha512-cGLYAvxtlQ1iTwAS4g7FreZPXoE/g62Fsxln2mmR19mgs4zZI+XJ+wVVUhBFCF/0+Nmvbq+abyTWue1m1BSnmg==",
      "dev": true,
      "dependencies": {
        "commander": {
          "version": "2.15.1",
          "resolved": "https://registry.npmjs.org/commander/-/commander-2.15.1.tgz",
          "integrity": "sha512-VlfT9F3V0v+jr4yxPc5gg9s62/fIVWsd2Bk2iD435um1NlGMYdVCq+MjcXnhYq2icNOizHr1kK+5TI6H0Hy0ag=="
        },
        "fs-extra": {
          "version": "5.0.0",
          "resolved": "https://registry.npmjs.org/fs-extra/-/fs-extra-5.0.0.tgz",
          "integrity": "sha512-66Pm4RYbjzdyeuqudYqhFiNBbCIuI9kgRqLPSHIlXHidW8NIQtVdkM1yeZ4lXwuhbTETv3EUGMNHAAw6hiundQ=="
        },
        "globby": {
          "version": "6.1.0",
          "resolved": "https://registry.npmjs.org/globby/-/globby-6.1.0.tgz",
          "integrity": "sha1-9abXDoOV4hyFj7BInWTfAkJNUGw="
        },
        "jsonfile": {
          "version": "4.0.0",
          "resolved": "https://registry.npmjs.org/jsonfile/-/jsonfile-4.0.0.tgz",
          "integrity": "sha1-h3Gq4HmbZAdrdmQPygWPnBDjPss="
        }
      }
    },
    "msal": {
      "version": "0.1.9",
      "resolved": "https://registry.npmjs.org/msal/-/msal-0.1.9.tgz",
      "integrity": "sha512-dBEpz4xjBSU4kl9jCqmEmjBOewM67CR+hWGAOTKVDuTOgf29V73vHrOACiGhlMvWv3efNaCQTbj93AxS0bExSg=="
    },
    "react": {
      "version": "16.5.2",
      "resolved": "https://registry.npmjs.org/react/-/react-16.5.2.tgz",
      "integrity": "sha512-FDCSVd3DjVTmbEAjUNX6FgfAmQ+ypJfHUsqUJOYNCBUp1h8lqmtC+0mXJ+JjsWx4KAVTkk1vKd1hLQPvEviSuw=="
    },
    "react-dom": {
      "version": "16.5.2",
      "resolved": "https://registry.npmjs.org/react-dom/-/react-dom-16.5.2.tgz",
      "integrity": "sha512-RC8LDw8feuZOHVgzEf7f+cxBr/DnKdqp56VU0lAs1f4UfKc4cU8wU4fTq/mgnvynLQo8OtlPC19NUFh/zjZPuA=="
    },
    "react-scripts": {
      "version": "1.0.17",
      "resolved": "https://registry.npmjs.org/react-scripts/-/react-scripts-1.0.17.tgz",
      "integrity": "sha512-tf2kBx230iUSxqJZxboYINlIOKryW+CC7oVgQ4rguNLmcPgWvnnCM8huAgCgL2yuqDd0qQvnI5sRCmc+0TQ5zw=="
    }
  }
}
